{
  "name": "@bit/szkabaroli.karazann-shared.nodes",
  "version": "0.1.0",
  "lockfileVersion": 1,
  "requires": true,
  "dependencies": {
    "@bit/szkabaroli.karazann-shared.flow": {
      "version": "file:../flow",
      "requires": {
        "ee-ts": "^1.0.1"
      },
      "dependencies": {
        "ee-ts": {
          "version": "1.0.1",
          "resolved": "https://registry.npmjs.org/ee-ts/-/ee-ts-1.0.1.tgz",
          "integrity": "sha512-SIfYXO48Zv7ncr4WCUfdbLPkT3HUDt/0M3cPX/9ezKN7UnCv9+ua8F7v3PLheaO/TYb6hSmo/OzBiH6tHREb6w=="
        }
      }
    }
  }
}
